// !$*UTF8*$!
{
	archiveVersion = 1;
	classes = {
	};
	objectVersion = 46;
	objects = {

/* Begin PBXBuildFile section */
		0DFEC505A9513A61BE18B8C6 /* libPods-cameraCoreUITests.a in Frameworks */ = {isa = PBXBuildFile; fileRef = 6B1E16E039910B381CD3768B /* libPods-cameraCoreUITests.a */; };
		A44000F58AA2ABEAC5D6820B /* libPods-cameraCore.a in Frameworks */ = {isa = PBXBuildFile; fileRef = B39DB47B30FEE001C48DF0B1 /* libPods-cameraCore.a */; };
		B564BBC31D62DCC70017772B /* main.m in Sources */ = {isa = PBXBuildFile; fileRef = B564BBC21D62DCC70017772B /* main.m */; };
		B564BBC61D62DCC70017772B /* AppDelegate.m in Sources */ = {isa = PBXBuildFile; fileRef = B564BBC51D62DCC70017772B /* AppDelegate.m */; };
		B564BBC91D62DCC70017772B /* ViewController.m in Sources */ = {isa = PBXBuildFile; fileRef = B564BBC81D62DCC70017772B /* ViewController.m */; };
		B564BBCC1D62DCC70017772B /* Main.storyboard in Resources */ = {isa = PBXBuildFile; fileRef = B564BBCA1D62DCC70017772B /* Main.storyboard */; };
		B564BBCE1D62DCC70017772B /* Assets.xcassets in Resources */ = {isa = PBXBuildFile; fileRef = B564BBCD1D62DCC70017772B /* Assets.xcassets */; };
		B564BBD11D62DCC70017772B /* LaunchScreen.storyboard in Resources */ = {isa = PBXBuildFile; fileRef = B564BBCF1D62DCC70017772B /* LaunchScreen.storyboard */; };
		B564BBDC1D62DCC70017772B /* cameraCoreTests.m in Sources */ = {isa = PBXBuildFile; fileRef = B564BBDB1D62DCC70017772B /* cameraCoreTests.m */; };
		B564BBE71D62DCC70017772B /* cameraCoreUITests.m in Sources */ = {isa = PBXBuildFile; fileRef = B564BBE61D62DCC70017772B /* cameraCoreUITests.m */; };
		B564BC321D62E1EB0017772B /* ACSocketService.m in Sources */ = {isa = PBXBuildFile; fileRef = B564BC311D62E1EB0017772B /* ACSocketService.m */; };
		B564BC351D62E2170017772B /* ACSocketObject.m in Sources */ = {isa = PBXBuildFile; fileRef = B564BC341D62E2170017772B /* ACSocketObject.m */; };
		B564BC3B1D62F6920017772B /* ACCommandObject.m in Sources */ = {isa = PBXBuildFile; fileRef = B564BC381D62F6920017772B /* ACCommandObject.m */; };
		B564BC3C1D62F6920017772B /* ACCommandService.m in Sources */ = {isa = PBXBuildFile; fileRef = B564BC3A1D62F6920017772B /* ACCommandService.m */; };
		B564BC3F1D6309280017772B /* JSONParser.m in Sources */ = {isa = PBXBuildFile; fileRef = B564BC3E1D6309280017772B /* JSONParser.m */; };
		CF0EA1F380929D03F7B1631C /* libPods-cameraCoreTests.a in Frameworks */ = {isa = PBXBuildFile; fileRef = 84029ABF54A9CA632CFA05F3 /* libPods-cameraCoreTests.a */; };
/* End PBXBuildFile section */

/* Begin PBXContainerItemProxy section */
		B564BBD81D62DCC70017772B /* PBXContainerItemProxy */ = {
			isa = PBXContainerItemProxy;
			containerPortal = B564BBB61D62DCC70017772B /* Project object */;
			proxyType = 1;
			remoteGlobalIDString = B564BBBD1D62DCC70017772B;
			remoteInfo = cameraCore;
		};
		B564BBE31D62DCC70017772B /* PBXContainerItemProxy */ = {
			isa = PBXContainerItemProxy;
			containerPortal = B564BBB61D62DCC70017772B /* Project object */;
			proxyType = 1;
			remoteGlobalIDString = B564BBBD1D62DCC70017772B;
			remoteInfo = cameraCore;
		};
/* End PBXContainerItemProxy section */

/* Begin PBXFileReference section */
		2388E7B5A8534208360BBF82 /* Pods-cameraCoreTests.release.xcconfig */ = {isa = PBXFileReference; includeInIndex = 1; lastKnownFileType = text.xcconfig; name = "Pods-cameraCoreTests.release.xcconfig"; path = "Pods/Target Support Files/Pods-cameraCoreTests/Pods-cameraCoreTests.release.xcconfig"; sourceTree = "<group>"; };
		27BD65326AF5F302362A078B /* Pods-cameraCore.debug.xcconfig */ = {isa = PBXFileReference; includeInIndex = 1; lastKnownFileType = text.xcconfig; name = "Pods-cameraCore.debug.xcconfig"; path = "Pods/Target Support Files/Pods-cameraCore/Pods-cameraCore.debug.xcconfig"; sourceTree = "<group>"; };
		385FDCDC13DAEAD91B96DC5D /* Pods-cameraCoreUITests.debug.xcconfig */ = {isa = PBXFileReference; includeInIndex = 1; lastKnownFileType = text.xcconfig; name = "Pods-cameraCoreUITests.debug.xcconfig"; path = "Pods/Target Support Files/Pods-cameraCoreUITests/Pods-cameraCoreUITests.debug.xcconfig"; sourceTree = "<group>"; };
		645C65795657633771E5211F /* Pods-cameraCore.release.xcconfig */ = {isa = PBXFileReference; includeInIndex = 1; lastKnownFileType = text.xcconfig; name = "Pods-cameraCore.release.xcconfig"; path = "Pods/Target Support Files/Pods-cameraCore/Pods-cameraCore.release.xcconfig"; sourceTree = "<group>"; };
		6B1E16E039910B381CD3768B /* libPods-cameraCoreUITests.a */ = {isa = PBXFileReference; explicitFileType = archive.ar; includeInIndex = 0; path = "libPods-cameraCoreUITests.a"; sourceTree = BUILT_PRODUCTS_DIR; };
		84029ABF54A9CA632CFA05F3 /* libPods-cameraCoreTests.a */ = {isa = PBXFileReference; explicitFileType = archive.ar; includeInIndex = 0; path = "libPods-cameraCoreTests.a"; sourceTree = BUILT_PRODUCTS_DIR; };
		B39DB47B30FEE001C48DF0B1 /* libPods-cameraCore.a */ = {isa = PBXFileReference; explicitFileType = archive.ar; includeInIndex = 0; path = "libPods-cameraCore.a"; sourceTree = BUILT_PRODUCTS_DIR; };
		B564BBBE1D62DCC70017772B /* cameraCore.app */ = {isa = PBXFileReference; explicitFileType = wrapper.application; includeInIndex = 0; path = cameraCore.app; sourceTree = BUILT_PRODUCTS_DIR; };
		B564BBC21D62DCC70017772B /* main.m */ = {isa = PBXFileReference; lastKnownFileType = sourcecode.c.objc; path = main.m; sourceTree = "<group>"; };
		B564BBC41D62DCC70017772B /* AppDelegate.h */ = {isa = PBXFileReference; lastKnownFileType = sourcecode.c.h; path = AppDelegate.h; sourceTree = "<group>"; };
		B564BBC51D62DCC70017772B /* AppDelegate.m */ = {isa = PBXFileReference; lastKnownFileType = sourcecode.c.objc; path = AppDelegate.m; sourceTree = "<group>"; };
		B564BBC71D62DCC70017772B /* ViewController.h */ = {isa = PBXFileReference; lastKnownFileType = sourcecode.c.h; path = ViewController.h; sourceTree = "<group>"; };
		B564BBC81D62DCC70017772B /* ViewController.m */ = {isa = PBXFileReference; lastKnownFileType = sourcecode.c.objc; path = ViewController.m; sourceTree = "<group>"; };
		B564BBCB1D62DCC70017772B /* Base */ = {isa = PBXFileReference; lastKnownFileType = file.storyboard; name = Base; path = Base.lproj/Main.storyboard; sourceTree = "<group>"; };
		B564BBCD1D62DCC70017772B /* Assets.xcassets */ = {isa = PBXFileReference; lastKnownFileType = folder.assetcatalog; path = Assets.xcassets; sourceTree = "<group>"; };
		B564BBD01D62DCC70017772B /* Base */ = {isa = PBXFileReference; lastKnownFileType = file.storyboard; name = Base; path = Base.lproj/LaunchScreen.storyboard; sourceTree = "<group>"; };
		B564BBD21D62DCC70017772B /* Info.plist */ = {isa = PBXFileReference; lastKnownFileType = text.plist.xml; path = Info.plist; sourceTree = "<group>"; };
		B564BBD71D62DCC70017772B /* cameraCoreTests.xctest */ = {isa = PBXFileReference; explicitFileType = wrapper.cfbundle; includeInIndex = 0; path = cameraCoreTests.xctest; sourceTree = BUILT_PRODUCTS_DIR; };
		B564BBDB1D62DCC70017772B /* cameraCoreTests.m */ = {isa = PBXFileReference; lastKnownFileType = sourcecode.c.objc; path = cameraCoreTests.m; sourceTree = "<group>"; };
		B564BBDD1D62DCC70017772B /* Info.plist */ = {isa = PBXFileReference; lastKnownFileType = text.plist.xml; path = Info.plist; sourceTree = "<group>"; };
		B564BBE21D62DCC70017772B /* cameraCoreUITests.xctest */ = {isa = PBXFileReference; explicitFileType = wrapper.cfbundle; includeInIndex = 0; path = cameraCoreUITests.xctest; sourceTree = BUILT_PRODUCTS_DIR; };
		B564BBE61D62DCC70017772B /* cameraCoreUITests.m */ = {isa = PBXFileReference; lastKnownFileType = sourcecode.c.objc; path = cameraCoreUITests.m; sourceTree = "<group>"; };
		B564BBE81D62DCC70017772B /* Info.plist */ = {isa = PBXFileReference; lastKnownFileType = text.plist.xml; path = Info.plist; sourceTree = "<group>"; };
		B564BC301D62E1EB0017772B /* ACSocketService.h */ = {isa = PBXFileReference; fileEncoding = 4; lastKnownFileType = sourcecode.c.h; path = ACSocketService.h; sourceTree = "<group>"; };
		B564BC311D62E1EB0017772B /* ACSocketService.m */ = {isa = PBXFileReference; fileEncoding = 4; lastKnownFileType = sourcecode.c.objc; path = ACSocketService.m; sourceTree = "<group>"; };
		B564BC331D62E2170017772B /* ACSocketObject.h */ = {isa = PBXFileReference; fileEncoding = 4; lastKnownFileType = sourcecode.c.h; path = ACSocketObject.h; sourceTree = "<group>"; };
		B564BC341D62E2170017772B /* ACSocketObject.m */ = {isa = PBXFileReference; fileEncoding = 4; lastKnownFileType = sourcecode.c.objc; path = ACSocketObject.m; sourceTree = "<group>"; };
		B564BC361D62E7370017772B /* ACDefines.h */ = {isa = PBXFileReference; lastKnownFileType = sourcecode.c.h; path = ACDefines.h; sourceTree = "<group>"; };
		B564BC371D62F6920017772B /* ACCommandObject.h */ = {isa = PBXFileReference; fileEncoding = 4; lastKnownFileType = sourcecode.c.h; path = ACCommandObject.h; sourceTree = "<group>"; };
		B564BC381D62F6920017772B /* ACCommandObject.m */ = {isa = PBXFileReference; fileEncoding = 4; lastKnownFileType = sourcecode.c.objc; path = ACCommandObject.m; sourceTree = "<group>"; };
		B564BC391D62F6920017772B /* ACCommandService.h */ = {isa = PBXFileReference; fileEncoding = 4; lastKnownFileType = sourcecode.c.h; path = ACCommandService.h; sourceTree = "<group>"; };
		B564BC3A1D62F6920017772B /* ACCommandService.m */ = {isa = PBXFileReference; fileEncoding = 4; lastKnownFileType = sourcecode.c.objc; path = ACCommandService.m; sourceTree = "<group>"; };
		B564BC3D1D6309280017772B /* JSONParser.h */ = {isa = PBXFileReference; fileEncoding = 4; lastKnownFileType = sourcecode.c.h; path = JSONParser.h; sourceTree = "<group>"; };
		B564BC3E1D6309280017772B /* JSONParser.m */ = {isa = PBXFileReference; fileEncoding = 4; lastKnownFileType = sourcecode.c.objc; path = JSONParser.m; sourceTree = "<group>"; };
		C7FB03F3E323E421A841246A /* Pods-cameraCoreUITests.release.xcconfig */ = {isa = PBXFileReference; includeInIndex = 1; lastKnownFileType = text.xcconfig; name = "Pods-cameraCoreUITests.release.xcconfig"; path = "Pods/Target Support Files/Pods-cameraCoreUITests/Pods-cameraCoreUITests.release.xcconfig"; sourceTree = "<group>"; };
		D3944AF90DEAAF173EB6DDA2 /* Pods-cameraCoreTests.debug.xcconfig */ = {isa = PBXFileReference; includeInIndex = 1; lastKnownFileType = text.xcconfig; name = "Pods-cameraCoreTests.debug.xcconfig"; path = "Pods/Target Support Files/Pods-cameraCoreTests/Pods-cameraCoreTests.debug.xcconfig"; sourceTree = "<group>"; };
/* End PBXFileReference section */

/* Begin PBXFrameworksBuildPhase section */
		B564BBBB1D62DCC70017772B /* Frameworks */ = {
			isa = PBXFrameworksBuildPhase;
			buildActionMask = 2147483647;
			files = (
				A44000F58AA2ABEAC5D6820B /* libPods-cameraCore.a in Frameworks */,
			);
			runOnlyForDeploymentPostprocessing = 0;
		};
		B564BBD41D62DCC70017772B /* Frameworks */ = {
			isa = PBXFrameworksBuildPhase;
			buildActionMask = 2147483647;
			files = (
				CF0EA1F380929D03F7B1631C /* libPods-cameraCoreTests.a in Frameworks */,
			);
			runOnlyForDeploymentPostprocessing = 0;
		};
		B564BBDF1D62DCC70017772B /* Frameworks */ = {
			isa = PBXFrameworksBuildPhase;
			buildActionMask = 2147483647;
			files = (
				0DFEC505A9513A61BE18B8C6 /* libPods-cameraCoreUITests.a in Frameworks */,
			);
			runOnlyForDeploymentPostprocessing = 0;
		};
/* End PBXFrameworksBuildPhase section */

/* Begin PBXGroup section */
		68915AD021718D78EF9758CE /* Frameworks */ = {
			isa = PBXGroup;
			children = (
				B39DB47B30FEE001C48DF0B1 /* libPods-cameraCore.a */,
				84029ABF54A9CA632CFA05F3 /* libPods-cameraCoreTests.a */,
				6B1E16E039910B381CD3768B /* libPods-cameraCoreUITests.a */,
			);
			name = Frameworks;
			sourceTree = "<group>";
		};
		A3CC544D642014EB01F3F682 /* Pods */ = {
			isa = PBXGroup;
			children = (
				27BD65326AF5F302362A078B /* Pods-cameraCore.debug.xcconfig */,
				645C65795657633771E5211F /* Pods-cameraCore.release.xcconfig */,
				D3944AF90DEAAF173EB6DDA2 /* Pods-cameraCoreTests.debug.xcconfig */,
				2388E7B5A8534208360BBF82 /* Pods-cameraCoreTests.release.xcconfig */,
				385FDCDC13DAEAD91B96DC5D /* Pods-cameraCoreUITests.debug.xcconfig */,
				C7FB03F3E323E421A841246A /* Pods-cameraCoreUITests.release.xcconfig */,
			);
			name = Pods;
			sourceTree = "<group>";
		};
		B564BBB51D62DCC70017772B = {
			isa = PBXGroup;
			children = (
				B564BBC01D62DCC70017772B /* cameraCore */,
				B564BBDA1D62DCC70017772B /* cameraCoreTests */,
				B564BBE51D62DCC70017772B /* cameraCoreUITests */,
				B564BBBF1D62DCC70017772B /* Products */,
				A3CC544D642014EB01F3F682 /* Pods */,
				68915AD021718D78EF9758CE /* Frameworks */,
			);
			sourceTree = "<group>";
		};
		B564BBBF1D62DCC70017772B /* Products */ = {
			isa = PBXGroup;
			children = (
				B564BBBE1D62DCC70017772B /* cameraCore.app */,
				B564BBD71D62DCC70017772B /* cameraCoreTests.xctest */,
				B564BBE21D62DCC70017772B /* cameraCoreUITests.xctest */,
			);
			name = Products;
			sourceTree = "<group>";
		};
		B564BBC01D62DCC70017772B /* cameraCore */ = {
			isa = PBXGroup;
			children = (
				B564BBC11D62DCC70017772B /* Supporting Files */,
				B564BBC41D62DCC70017772B /* AppDelegate.h */,
				B564BBC51D62DCC70017772B /* AppDelegate.m */,
				B564BBC71D62DCC70017772B /* ViewController.h */,
				B564BBC81D62DCC70017772B /* ViewController.m */,
				B564BC361D62E7370017772B /* ACDefines.h */,
				B564BC331D62E2170017772B /* ACSocketObject.h */,
				B564BC341D62E2170017772B /* ACSocketObject.m */,
				B564BC301D62E1EB0017772B /* ACSocketService.h */,
				B564BC311D62E1EB0017772B /* ACSocketService.m */,
				B564BC371D62F6920017772B /* ACCommandObject.h */,
				B564BC381D62F6920017772B /* ACCommandObject.m */,
				B564BC391D62F6920017772B /* ACCommandService.h */,
				B564BC3A1D62F6920017772B /* ACCommandService.m */,
				B564BC3D1D6309280017772B /* JSONParser.h */,
				B564BC3E1D6309280017772B /* JSONParser.m */,
			);
			path = cameraCore;
			sourceTree = "<group>";
		};
		B564BBC11D62DCC70017772B /* Supporting Files */ = {
			isa = PBXGroup;
			children = (
				B564BBCA1D62DCC70017772B /* Main.storyboard */,
				B564BBCD1D62DCC70017772B /* Assets.xcassets */,
				B564BBCF1D62DCC70017772B /* LaunchScreen.storyboard */,
				B564BBD21D62DCC70017772B /* Info.plist */,
				B564BBC21D62DCC70017772B /* main.m */,
			);
			name = "Supporting Files";
			sourceTree = "<group>";
		};
		B564BBDA1D62DCC70017772B /* cameraCoreTests */ = {
			isa = PBXGroup;
			children = (
				B564BBDB1D62DCC70017772B /* cameraCoreTests.m */,
				B564BBDD1D62DCC70017772B /* Info.plist */,
			);
			path = cameraCoreTests;
			sourceTree = "<group>";
		};
		B564BBE51D62DCC70017772B /* cameraCoreUITests */ = {
			isa = PBXGroup;
			children = (
				B564BBE61D62DCC70017772B /* cameraCoreUITests.m */,
				B564BBE81D62DCC70017772B /* Info.plist */,
			);
			path = cameraCoreUITests;
			sourceTree = "<group>";
		};
/* End PBXGroup section */

/* Begin PBXNativeTarget section */
		B564BBBD1D62DCC70017772B /* cameraCore */ = {
			isa = PBXNativeTarget;
			buildConfigurationList = B564BBEB1D62DCC70017772B /* Build configuration list for PBXNativeTarget "cameraCore" */;
			buildPhases = (
				B49C0B44C0821286B49502CE /* [CP] Check Pods Manifest.lock */,
				B564BBBA1D62DCC70017772B /* Sources */,
				B564BBBB1D62DCC70017772B /* Frameworks */,
				B564BBBC1D62DCC70017772B /* Resources */,
				257517E1D88C9815546539C8 /* [CP] Embed Pods Frameworks */,
				7C5C298D26209F5833420C99 /* [CP] Copy Pods Resources */,
			);
			buildRules = (
			);
			dependencies = (
			);
			name = cameraCore;
			productName = cameraCore;
			productReference = B564BBBE1D62DCC70017772B /* cameraCore.app */;
			productType = "com.apple.product-type.application";
		};
		B564BBD61D62DCC70017772B /* cameraCoreTests */ = {
			isa = PBXNativeTarget;
			buildConfigurationList = B564BBEE1D62DCC70017772B /* Build configuration list for PBXNativeTarget "cameraCoreTests" */;
			buildPhases = (
				28AAE692524171404D10FDC1 /* [CP] Check Pods Manifest.lock */,
				B564BBD31D62DCC70017772B /* Sources */,
				B564BBD41D62DCC70017772B /* Frameworks */,
				B564BBD51D62DCC70017772B /* Resources */,
				52D50DCB78FFC9BCBB851194 /* [CP] Embed Pods Frameworks */,
				08D2B9272951434DF7427A40 /* [CP] Copy Pods Resources */,
			);
			buildRules = (
			);
			dependencies = (
				B564BBD91D62DCC70017772B /* PBXTargetDependency */,
			);
			name = cameraCoreTests;
			productName = cameraCoreTests;
			productReference = B564BBD71D62DCC70017772B /* cameraCoreTests.xctest */;
			productType = "com.apple.product-type.bundle.unit-test";
		};
		B564BBE11D62DCC70017772B /* cameraCoreUITests */ = {
			isa = PBXNativeTarget;
			buildConfigurationList = B564BBF11D62DCC70017772B /* Build configuration list for PBXNativeTarget "cameraCoreUITests" */;
			buildPhases = (
				9F424D321AB14C92716BC83A /* [CP] Check Pods Manifest.lock */,
				B564BBDE1D62DCC70017772B /* Sources */,
				B564BBDF1D62DCC70017772B /* Frameworks */,
				B564BBE01D62DCC70017772B /* Resources */,
				BA224073CE74D02C9DF52451 /* [CP] Embed Pods Frameworks */,
				234720E7EEC063B172C50246 /* [CP] Copy Pods Resources */,
			);
			buildRules = (
			);
			dependencies = (
				B564BBE41D62DCC70017772B /* PBXTargetDependency */,
			);
			name = cameraCoreUITests;
			productName = cameraCoreUITests;
			productReference = B564BBE21D62DCC70017772B /* cameraCoreUITests.xctest */;
			productType = "com.apple.product-type.bundle.ui-testing";
		};
/* End PBXNativeTarget section */

/* Begin PBXProject section */
		B564BBB61D62DCC70017772B /* Project object */ = {
			isa = PBXProject;
			attributes = {
				LastUpgradeCheck = 0730;
				ORGANIZATIONNAME = xy;
				TargetAttributes = {
					B564BBBD1D62DCC70017772B = {
						CreatedOnToolsVersion = 7.3.1;
						DevelopmentTeam = F2242D823E;
					};
					B564BBD61D62DCC70017772B = {
						CreatedOnToolsVersion = 7.3.1;
						TestTargetID = B564BBBD1D62DCC70017772B;
					};
					B564BBE11D62DCC70017772B = {
						CreatedOnToolsVersion = 7.3.1;
						TestTargetID = B564BBBD1D62DCC70017772B;
					};
				};
			};
			buildConfigurationList = B564BBB91D62DCC70017772B /* Build configuration list for PBXProject "cameraCore" */;
			compatibilityVersion = "Xcode 3.2";
			developmentRegion = English;
			hasScannedForEncodings = 0;
			knownRegions = (
				en,
				Base,
			);
			mainGroup = B564BBB51D62DCC70017772B;
			productRefGroup = B564BBBF1D62DCC70017772B /* Products */;
			projectDirPath = "";
			projectRoot = "";
			targets = (
				B564BBBD1D62DCC70017772B /* cameraCore */,
				B564BBD61D62DCC70017772B /* cameraCoreTests */,
				B564BBE11D62DCC70017772B /* cameraCoreUITests */,
			);
		};
/* End PBXProject section */

/* Begin PBXResourcesBuildPhase section */
		B564BBBC1D62DCC70017772B /* Resources */ = {
			isa = PBXResourcesBuildPhase;
			buildActionMask = 2147483647;
			files = (
				B564BBD11D62DCC70017772B /* LaunchScreen.storyboard in Resources */,
				B564BBCE1D62DCC70017772B /* Assets.xcassets in Resources */,
				B564BBCC1D62DCC70017772B /* Main.storyboard in Resources */,
			);
			runOnlyForDeploymentPostprocessing = 0;
		};
		B564BBD51D62DCC70017772B /* Resources */ = {
			isa = PBXResourcesBuildPhase;
			buildActionMask = 2147483647;
			files = (
			);
			runOnlyForDeploymentPostprocessing = 0;
		};
		B564BBE01D62DCC70017772B /* Resources */ = {
			isa = PBXResourcesBuildPhase;
			buildActionMask = 2147483647;
			files = (
			);
			runOnlyForDeploymentPostprocessing = 0;
		};
/* End PBXResourcesBuildPhase section */

/* Begin PBXShellScriptBuildPhase section */
		08D2B9272951434DF7427A40 /* [CP] Copy Pods Resources */ = {
			isa = PBXShellScriptBuildPhase;
			buildActionMask = 2147483647;
			files = (
			);
			inputPaths = (
			);
			name = "[CP] Copy Pods Resources";
			outputPaths = (
			);
			runOnlyForDeploymentPostprocessing = 0;
			shellPath = /bin/sh;
			shellScript = "\"${SRCROOT}/Pods/Target Support Files/Pods-cameraCoreTests/Pods-cameraCoreTests-resources.sh\"\n";
			showEnvVarsInLog = 0;
		};
		234720E7EEC063B172C50246 /* [CP] Copy Pods Resources */ = {
			isa = PBXShellScriptBuildPhase;
			buildActionMask = 2147483647;
			files = (
			);
			inputPaths = (
			);
			name = "[CP] Copy Pods Resources";
			outputPaths = (
			);
			runOnlyForDeploymentPostprocessing = 0;
			shellPath = /bin/sh;
			shellScript = "\"${SRCROOT}/Pods/Target Support Files/Pods-cameraCoreUITests/Pods-cameraCoreUITests-resources.sh\"\n";
			showEnvVarsInLog = 0;
		};
		257517E1D88C9815546539C8 /* [CP] Embed Pods Frameworks */ = {
			isa = PBXShellScriptBuildPhase;
			buildActionMask = 2147483647;
			files = (
			);
			inputPaths = (
			);
			name = "[CP] Embed Pods Frameworks";
			outputPaths = (
			);
			runOnlyForDeploymentPostprocessing = 0;
			shellPath = /bin/sh;
			shellScript = "\"${SRCROOT}/Pods/Target Support Files/Pods-cameraCore/Pods-cameraCore-frameworks.sh\"\n";
			showEnvVarsInLog = 0;
		};
		28AAE692524171404D10FDC1 /* [CP] Check Pods Manifest.lock */ = {
			isa = PBXShellScriptBuildPhase;
			buildActionMask = 2147483647;
			files = (
			);
			inputPaths = (
			);
			name = "[CP] Check Pods Manifest.lock";
			outputPaths = (
			);
			runOnlyForDeploymentPostprocessing = 0;
			shellPath = /bin/sh;
			shellScript = "diff \"${PODS_ROOT}/../Podfile.lock\" \"${PODS_ROOT}/Manifest.lock\" > /dev/null\nif [ $? != 0 ] ; then\n    # print error to STDERR\n    echo \"error: The sandbox is not in sync with the Podfile.lock. Run 'pod install' or update your CocoaPods installation.\" >&2\n    exit 1\nfi\n";
			showEnvVarsInLog = 0;
		};
		52D50DCB78FFC9BCBB851194 /* [CP] Embed Pods Frameworks */ = {
			isa = PBXShellScriptBuildPhase;
			buildActionMask = 2147483647;
			files = (
			);
			inputPaths = (
			);
			name = "[CP] Embed Pods Frameworks";
			outputPaths = (
			);
			runOnlyForDeploymentPostprocessing = 0;
			shellPath = /bin/sh;
			shellScript = "\"${SRCROOT}/Pods/Target Support Files/Pods-cameraCoreTests/Pods-cameraCoreTests-frameworks.sh\"\n";
			showEnvVarsInLog = 0;
		};
		7C5C298D26209F5833420C99 /* [CP] Copy Pods Resources */ = {
			isa = PBXShellScriptBuildPhase;
			buildActionMask = 2147483647;
			files = (
			);
			inputPaths = (
			);
			name = "[CP] Copy Pods Resources";
			outputPaths = (
			);
			runOnlyForDeploymentPostprocessing = 0;
			shellPath = /bin/sh;
			shellScript = "\"${SRCROOT}/Pods/Target Support Files/Pods-cameraCore/Pods-cameraCore-resources.sh\"\n";
			showEnvVarsInLog = 0;
		};
		9F424D321AB14C92716BC83A /* [CP] Check Pods Manifest.lock */ = {
			isa = PBXShellScriptBuildPhase;
			buildActionMask = 2147483647;
			files = (
			);
			inputPaths = (
			);
			name = "[CP] Check Pods Manifest.lock";
			outputPaths = (
			);
			runOnlyForDeploymentPostprocessing = 0;
			shellPath = /bin/sh;
			shellScript = "diff \"${PODS_ROOT}/../Podfile.lock\" \"${PODS_ROOT}/Manifest.lock\" > /dev/null\nif [ $? != 0 ] ; then\n    # print error to STDERR\n    echo \"error: The sandbox is not in sync with the Podfile.lock. Run 'pod install' or update your CocoaPods installation.\" >&2\n    exit 1\nfi\n";
			showEnvVarsInLog = 0;
		};
		B49C0B44C0821286B49502CE /* [CP] Check Pods Manifest.lock */ = {
			isa = PBXShellScriptBuildPhase;
			buildActionMask = 2147483647;
			files = (
			);
			inputPaths = (
			);
			name = "[CP] Check Pods Manifest.lock";
			outputPaths = (
			);
			runOnlyForDeploymentPostprocessing = 0;
			shellPath = /bin/sh;
			shellScript = "diff \"${PODS_ROOT}/../Podfile.lock\" \"${PODS_ROOT}/Manifest.lock\" > /dev/null\nif [ $? != 0 ] ; then\n    # print error to STDERR\n    echo \"error: The sandbox is not in sync with the Podfile.lock. Run 'pod install' or update your CocoaPods installation.\" >&2\n    exit 1\nfi\n";
			showEnvVarsInLog = 0;
		};
		BA224073CE74D02C9DF52451 /* [CP] Embed Pods Frameworks */ = {
			isa = PBXShellScriptBuildPhase;
			buildActionMask = 2147483647;
			files = (
			);
			inputPaths = (
			);
			name = "[CP] Embed Pods Frameworks";
			outputPaths = (
			);
			runOnlyForDeploymentPostprocessing = 0;
			shellPath = /bin/sh;
			shellScript = "\"${SRCROOT}/Pods/Target Support Files/Pods-cameraCoreUITests/Pods-cameraCoreUITests-frameworks.sh\"\n";
			showEnvVarsInLog = 0;
		};
/* End PBXShellScriptBuildPhase section */

/* Begin PBXSourcesBuildPhase section */
		B564BBBA1D62DCC70017772B /* Sources */ = {
			isa = PBXSourcesBuildPhase;
			buildActionMask = 2147483647;
			files = (
				B564BBC91D62DCC70017772B /* ViewController.m in Sources */,
				B564BBC61D62DCC70017772B /* AppDelegate.m in Sources */,
				B564BC3B1D62F6920017772B /* ACCommandObject.m in Sources */,
				B564BC321D62E1EB0017772B /* ACSocketService.m in Sources */,
				B564BC351D62E2170017772B /* ACSocketObject.m in Sources */,
				B564BC3C1D62F6920017772B /* ACCommandService.m in Sources */,
				B564BC3F1D6309280017772B /* JSONParser.m in Sources */,
				B564BBC31D62DCC70017772B /* main.m in Sources */,
			);
			runOnlyForDeploymentPostprocessing = 0;
		};
		B564BBD31D62DCC70017772B /* Sources */ = {
			isa = PBXSourcesBuildPhase;
			buildActionMask = 2147483647;
			files = (
				B564BBDC1D62DCC70017772B /* cameraCoreTests.m in Sources */,
			);
			runOnlyForDeploymentPostprocessing = 0;
		};
		B564BBDE1D62DCC70017772B /* Sources */ = {
			isa = PBXSourcesBuildPhase;
			buildActionMask = 2147483647;
			files = (
				B564BBE71D62DCC70017772B /* cameraCoreUITests.m in Sources */,
			);
			runOnlyForDeploymentPostprocessing = 0;
		};
/* End PBXSourcesBuildPhase section */

/* Begin PBXTargetDependency section */
		B564BBD91D62DCC70017772B /* PBXTargetDependency */ = {
			isa = PBXTargetDependency;
			target = B564BBBD1D62DCC70017772B /* cameraCore */;
			targetProxy = B564BBD81D62DCC70017772B /* PBXContainerItemProxy */;
		};
		B564BBE41D62DCC70017772B /* PBXTargetDependency */ = {
			isa = PBXTargetDependency;
			target = B564BBBD1D62DCC70017772B /* cameraCore */;
			targetProxy = B564BBE31D62DCC70017772B /* PBXContainerItemProxy */;
		};
/* End PBXTargetDependency section */

/* Begin PBXVariantGroup section */
		B564BBCA1D62DCC70017772B /* Main.storyboard */ = {
			isa = PBXVariantGroup;
			children = (
				B564BBCB1D62DCC70017772B /* Base */,
			);
			name = Main.storyboard;
			sourceTree = "<group>";
		};
		B564BBCF1D62DCC70017772B /* LaunchScreen.storyboard */ = {
			isa = PBXVariantGroup;
			children = (
				B564BBD01D62DCC70017772B /* Base */,
			);
			name = LaunchScreen.storyboard;
			sourceTree = "<group>";
		};
/* End PBXVariantGroup section */

/* Begin XCBuildConfiguration section */
		B564BBE91D62DCC70017772B /* Debug */ = {
			isa = XCBuildConfiguration;
			buildSettings = {
				ALWAYS_SEARCH_USER_PATHS = NO;
				CLANG_ANALYZER_NONNULL = YES;
				CLANG_CXX_LANGUAGE_STANDARD = "gnu++0x";
				CLANG_CXX_LIBRARY = "libc++";
				CLANG_ENABLE_MODULES = YES;
				CLANG_ENABLE_OBJC_ARC = YES;
				CLANG_WARN_BOOL_CONVERSION = YES;
				CLANG_WARN_CONSTANT_CONVERSION = YES;
				CLANG_WARN_DIRECT_OBJC_ISA_USAGE = YES_ERROR;
				CLANG_WARN_EMPTY_BODY = YES;
				CLANG_WARN_ENUM_CONVERSION = YES;
				CLANG_WARN_INT_CONVERSION = YES;
				CLANG_WARN_OBJC_ROOT_CLASS = YES_ERROR;
				CLANG_WARN_UNREACHABLE_CODE = YES;
				CLANG_WARN__DUPLICATE_METHOD_MATCH = YES;
				"CODE_SIGN_IDENTITY[sdk=iphoneos*]" = "iPhone Developer";
				COPY_PHASE_STRIP = NO;
				DEBUG_INFORMATION_FORMAT = dwarf;
				ENABLE_STRICT_OBJC_MSGSEND = YES;
				ENABLE_TESTABILITY = YES;
				GCC_C_LANGUAGE_STANDARD = gnu99;
				GCC_DYNAMIC_NO_PIC = NO;
				GCC_NO_COMMON_BLOCKS = YES;
				GCC_OPTIMIZATION_LEVEL = 0;
				GCC_PREPROCESSOR_DEFINITIONS = (
					"DEBUG=1",
					"$(inherited)",
				);
				GCC_WARN_64_TO_32_BIT_CONVERSION = YES;
				GCC_WARN_ABOUT_RETURN_TYPE = YES_ERROR;
				GCC_WARN_UNDECLARED_SELECTOR = YES;
				GCC_WARN_UNINITIALIZED_AUTOS = YES_AGGRESSIVE;
				GCC_WARN_UNUSED_FUNCTION = YES;
				GCC_WARN_UNUSED_VARIABLE = YES;
				IPHONEOS_DEPLOYMENT_TARGET = 9.3;
				MTL_ENABLE_DEBUG_INFO = YES;
				ONLY_ACTIVE_ARCH = YES;
				SDKROOT = iphoneos;
			};
			name = Debug;
		};
		B564BBEA1D62DCC70017772B /* Release */ = {
			isa = XCBuildConfiguration;
			buildSettings = {
				ALWAYS_SEARCH_USER_PATHS = NO;
				CLANG_ANALYZER_NONNULL = YES;
				CLANG_CXX_LANGUAGE_STANDARD = "gnu++0x";
				CLANG_CXX_LIBRARY = "libc++";
				CLANG_ENABLE_MODULES = YES;
				CLANG_ENABLE_OBJC_ARC = YES;
				CLANG_WARN_BOOL_CONVERSION = YES;
				CLANG_WARN_CONSTANT_CONVERSION = YES;
				CLANG_WARN_DIRECT_OBJC_ISA_USAGE = YES_ERROR;
				CLANG_WARN_EMPTY_BODY = YES;
				CLANG_WARN_ENUM_CONVERSION = YES;
				CLANG_WARN_INT_CONVERSION = YES;
				CLANG_WARN_OBJC_ROOT_CLASS = YES_ERROR;
				CLANG_WARN_UNREACHABLE_CODE = YES;
				CLANG_WARN__DUPLICATE_METHOD_MATCH = YES;
				"CODE_SIGN_IDENTITY[sdk=iphoneos*]" = "iPhone Developer";
				COPY_PHASE_STRIP = NO;
				DEBUG_INFORMATION_FORMAT = "dwarf-with-dsym";
				ENABLE_NS_ASSERTIONS = NO;
				ENABLE_STRICT_OBJC_MSGSEND = YES;
				GCC_C_LANGUAGE_STANDARD = gnu99;
				GCC_NO_COMMON_BLOCKS = YES;
				GCC_WARN_64_TO_32_BIT_CONVERSION = YES;
				GCC_WARN_ABOUT_RETURN_TYPE = YES_ERROR;
				GCC_WARN_UNDECLARED_SELECTOR = YES;
				GCC_WARN_UNINITIALIZED_AUTOS = YES_AGGRESSIVE;
				GCC_WARN_UNUSED_FUNCTION = YES;
				GCC_WARN_UNUSED_VARIABLE = YES;
				IPHONEOS_DEPLOYMENT_TARGET = 9.3;
				MTL_ENABLE_DEBUG_INFO = NO;
				SDKROOT = iphoneos;
				VALIDATE_PRODUCT = YES;
			};
			name = Release;
		};
		B564BBEC1D62DCC70017772B /* Debug */ = {
			isa = XCBuildConfiguration;
			baseConfigurationReference = 27BD65326AF5F302362A078B /* Pods-cameraCore.debug.xcconfig */;
			buildSettings = {
				ASSETCATALOG_COMPILER_APPICON_NAME = AppIcon;
				DEVELOPMENT_TEAM = F2242D823E;
				INFOPLIST_FILE = cameraCore/Info.plist;
				LD_RUNPATH_SEARCH_PATHS = "$(inherited) @executable_path/Frameworks";
				PRODUCT_BUNDLE_IDENTIFIER = com.neo.coreCamera;
				PRODUCT_NAME = "$(TARGET_NAME)";
			};
			name = Debug;
		};
		B564BBED1D62DCC70017772B /* Release */ = {
			isa = XCBuildConfiguration;
			baseConfigurationReference = 645C65795657633771E5211F /* Pods-cameraCore.release.xcconfig */;
			buildSettings = {
				ASSETCATALOG_COMPILER_APPICON_NAME = AppIcon;
				DEVELOPMENT_TEAM = F2242D823E;
				INFOPLIST_FILE = cameraCore/Info.plist;
				LD_RUNPATH_SEARCH_PATHS = "$(inherited) @executable_path/Frameworks";
				PRODUCT_BUNDLE_IDENTIFIER = com.neo.coreCamera;
				PRODUCT_NAME = "$(TARGET_NAME)";
			};
			name = Release;
		};
		B564BBEF1D62DCC70017772B /* Debug */ = {
			isa = XCBuildConfiguration;
			baseConfigurationReference = D3944AF90DEAAF173EB6DDA2 /* Pods-cameraCoreTests.debug.xcconfig */;
			buildSettings = {
				BUNDLE_LOADER = "$(TEST_HOST)";
				INFOPLIST_FILE = cameraCoreTests/Info.plist;
				LD_RUNPATH_SEARCH_PATHS = "$(inherited) @executable_path/Frameworks @loader_path/Frameworks";
				PRODUCT_BUNDLE_IDENTIFIER = XiaoYi.cameraCoreTests;
				PRODUCT_NAME = "$(TARGET_NAME)";
				TEST_HOST = "$(BUILT_PRODUCTS_DIR)/cameraCore.app/cameraCore";
			};
			name = Debug;
		};
		B564BBF01D62DCC70017772B /* Release */ = {
			isa = XCBuildConfiguration;
			baseConfigurationReference = 2388E7B5A8534208360BBF82 /* Pods-cameraCoreTests.release.xcconfig */;
			buildSettings = {
				BUNDLE_LOADER = "$(TEST_HOST)";
				INFOPLIST_FILE = cameraCoreTests/Info.plist;
				LD_RUNPATH_SEARCH_PATHS = "$(inherited) @executable_path/Frameworks @loader_path/Frameworks";
				PRODUCT_BUNDLE_IDENTIFIER = XiaoYi.cameraCoreTests;
				PRODUCT_NAME = "$(TARGET_NAME)";
				TEST_HOST = "$(BUILT_PRODUCTS_DIR)/cameraCore.app/cameraCore";
			};
			name = Release;
		};
		B564BBF21D62DCC70017772B /* Debug */ = {
			isa = XCBuildConfiguration;
			baseConfigurationReference = 385FDCDC13DAEAD91B96DC5D /* Pods-cameraCoreUITests.debug.xcconfig */;
			buildSettings = {
				INFOPLIST_FILE = cameraCoreUITests/Info.plist;
				LD_RUNPATH_SEARCH_PATHS = "$(inherited) @executable_path/Frameworks @loader_path/Frameworks";
				PRODUCT_BUNDLE_IDENTIFIER = XiaoYi.cameraCoreUITests;
				PRODUCT_NAME = "$(TARGET_NAME)";
				TEST_TARGET_NAME = cameraCore;
			};
			name = Debug;
		};
		B564BBF31D62DCC70017772B /* Release */ = {
			isa = XCBuildConfiguration;
			baseConfigurationReference = C7FB03F3E323E421A841246A /* Pods-cameraCoreUITests.release.xcconfig */;
			buildSettings = {
				INFOPLIST_FILE = cameraCoreUITests/Info.plist;
				LD_RUNPATH_SEARCH_PATHS = "$(inherited) @executable_path/Frameworks @loader_path/Frameworks";
				PRODUCT_BUNDLE_IDENTIFIER = XiaoYi.cameraCoreUITests;
				PRODUCT_NAME = "$(TARGET_NAME)";
				TEST_TARGET_NAME = cameraCore;
			};
			name = Release;
		};
/* End XCBuildConfiguration section */

/* Begin XCConfigurationList section */
		B564BBB91D62DCC70017772B /* Build configuration list for PBXProject "cameraCore" */ = {
			isa = XCConfigurationList;
			buildConfigurations = (
				B564BBE91D62DCC70017772B /* Debug */,
				B564BBEA1D62DCC70017772B /* Release */,
			);
			defaultConfigurationIsVisible = 0;
			defaultConfigurationName = Release;
		};
		B564BBEB1D62DCC70017772B /* Build configuration list for PBXNativeTarget "cameraCore" */ = {
			isa = XCConfigurationList;
			buildConfigurations = (
				B564BBEC1D62DCC70017772B /* Debug */,
				B564BBED1D62DCC70017772B /* Release */,
			);
			defaultConfigurationIsVisible = 0;
			defaultConfigurationName = Release;
		};
		B564BBEE1D62DCC70017772B /* Build configuration list for PBXNativeTarget "cameraCoreTests" */ = {
			isa = XCConfigurationList;
			buildConfigurations = (
				B564BBEF1D62DCC70017772B /* Debug */,
				B564BBF01D62DCC70017772B /* Release */,
			);
			defaultConfigurationIsVisible = 0;
			defaultConfigurationName = Release;
		};
		B564BBF11D62DCC70017772B /* Build configuration list for PBXNativeTarget "cameraCoreUITests" */ = {
			isa = XCConfigurationList;
			buildConfigurations = (
				B564BBF21D62DCC70017772B /* Debug */,
				B564BBF31D62DCC70017772B /* Release */,
			);
			defaultConfigurationIsVisible = 0;
			defaultConfigurationName = Release;
		};
/* End XCConfigurationList section */
	};
	rootObject = B564BBB61D62DCC70017772B /* Project object */;
}
